
Microsoft Visual Studio Solution File, Format Version 12.00
# Visual Studio Version 17
VisualStudioVersion = 17.3.32804.467
MinimumVisualStudioVersion = 10.0.40219.1
Project("{FAE04EC0-301F-11D3-BF4B-00C04F79EFBC}") = "UniManage", "UniManage\UniManage.csproj", "{8A530D8D-D040-4C9E-BFCE-BE89FC594258}"
EndProject
Global
	GlobalSection(SolutionConfigurationPlatforms) = preSolution
		Debug|Any CPU = Debug|Any CPU
		Release|Any CPU = Release|Any CPU
	EndGlobalSection
	GlobalSection(ProjectConfigurationPlatforms) = postSolution
		{8A530D8D-D040-4C9E-BFCE-BE89FC594258}.Debug|Any CPU.ActiveCfg = Debug|Any CPU
		{8A530D8D-D040-4C9E-BFCE-BE89FC594258}.Debug|Any CPU.Build.0 = Debug|Any CPU
		{8A530D8D-D040-4C9E-BFCE-BE89FC594258}.Release|Any CPU.ActiveCfg = Release|Any CPU
		{8A530D8D-D040-4C9E-BFCE-BE89FC594258}.Release|Any CPU.Build.0 = Release|Any CPU
	EndGlobalSection
	GlobalSection(SolutionProperties) = preSolution
		HideSolutionNode = FALSE
	EndGlobalSection
	GlobalSection(ExtensibilityGlobals) = postSolution
		SolutionGuid = {5C49129F-0007-4BFD-B327-D83519AC7880}
	EndGlobalSection
EndGlobal
